// !$*UTF8*$!
{
	archiveVersion = 1;
	classes = {
	};
	objectVersion = 50;
	objects = {

/* Begin PBXBuildFile section */
		126AAF33257AEF420018E990 /* FruitListApp.swift in Sources */ = {isa = PBXBuildFile; fileRef = 126AAF32257AEF420018E990 /* FruitListApp.swift */; };
		126AAF35257AEF420018E990 /* ContentView.swift in Sources */ = {isa = PBXBuildFile; fileRef = 126AAF34257AEF420018E990 /* ContentView.swift */; };
		126AAF37257AEF450018E990 /* Assets.xcassets in Resources */ = {isa = PBXBuildFile; fileRef = 126AAF36257AEF450018E990 /* Assets.xcassets */; };
		126AAF3A257AEF450018E990 /* Preview Assets.xcassets in Resources */ = {isa = PBXBuildFile; fileRef = 126AAF39257AEF450018E990 /* Preview Assets.xcassets */; };
		126AAF48257AF23E0018E990 /* FruitCardView.swift in Sources */ = {isa = PBXBuildFile; fileRef = 126AAF47257AF23E0018E990 /* FruitCardView.swift */; };
		126AAF4C257AFB450018E990 /* StartButtonView.swift in Sources */ = {isa = PBXBuildFile; fileRef = 126AAF4B257AFB450018E990 /* StartButtonView.swift */; };
		126AAF4F257AFDBF0018E990 /* OnboardingView.swift in Sources */ = {isa = PBXBuildFile; fileRef = 126AAF4E257AFDBF0018E990 /* OnboardingView.swift */; };
		126AAF54257B0D730018E990 /* FruitModel.swift in Sources */ = {isa = PBXBuildFile; fileRef = 126AAF53257B0D730018E990 /* FruitModel.swift */; };
/* End PBXBuildFile section */

/* Begin PBXFileReference section */
		126AAF2F257AEF420018E990 /* FruitList.app */ = {isa = PBXFileReference; explicitFileType = wrapper.application; includeInIndex = 0; path = FruitList.app; sourceTree = BUILT_PRODUCTS_DIR; };
		126AAF32257AEF420018E990 /* FruitListApp.swift */ = {isa = PBXFileReference; lastKnownFileType = sourcecode.swift; path = FruitListApp.swift; sourceTree = "<group>"; };
		126AAF34257AEF420018E990 /* ContentView.swift */ = {isa = PBXFileReference; lastKnownFileType = sourcecode.swift; path = ContentView.swift; sourceTree = "<group>"; };
		126AAF36257AEF450018E990 /* Assets.xcassets */ = {isa = PBXFileReference; lastKnownFileType = folder.assetcatalog; path = Assets.xcassets; sourceTree = "<group>"; };
		126AAF39257AEF450018E990 /* Preview Assets.xcassets */ = {isa = PBXFileReference; lastKnownFileType = folder.assetcatalog; path = "Preview Assets.xcassets"; sourceTree = "<group>"; };
		126AAF3B257AEF450018E990 /* Info.plist */ = {isa = PBXFileReference; lastKnownFileType = text.plist.xml; path = Info.plist; sourceTree = "<group>"; };
		126AAF47257AF23E0018E990 /* FruitCardView.swift */ = {isa = PBXFileReference; lastKnownFileType = sourcecode.swift; path = FruitCardView.swift; sourceTree = "<group>"; };
		126AAF4B257AFB450018E990 /* StartButtonView.swift */ = {isa = PBXFileReference; lastKnownFileType = sourcecode.swift; path = StartButtonView.swift; sourceTree = "<group>"; };
		126AAF4E257AFDBF0018E990 /* OnboardingView.swift */ = {isa = PBXFileReference; lastKnownFileType = sourcecode.swift; path = OnboardingView.swift; sourceTree = "<group>"; };
		126AAF53257B0D730018E990 /* FruitModel.swift */ = {isa = PBXFileReference; lastKnownFileType = sourcecode.swift; path = FruitModel.swift; sourceTree = "<group>"; };
/* End PBXFileReference section */

/* Begin PBXFrameworksBuildPhase section */
		126AAF2C257AEF420018E990 /* Frameworks */ = {
			isa = PBXFrameworksBuildPhase;
			buildActionMask = 2147483647;
			files = (
			);
			runOnlyForDeploymentPostprocessing = 0;
		};
/* End PBXFrameworksBuildPhase section */

/* Begin PBXGroup section */
		126AAF26257AEF420018E990 = {
			isa = PBXGroup;
			children = (
				126AAF31257AEF420018E990 /* FruitList */,
				126AAF30257AEF420018E990 /* Products */,
			);
			sourceTree = "<group>";
		};
		126AAF30257AEF420018E990 /* Products */ = {
			isa = PBXGroup;
			children = (
				126AAF2F257AEF420018E990 /* FruitList.app */,
			);
			name = Products;
			sourceTree = "<group>";
		};
		126AAF31257AEF420018E990 /* FruitList */ = {
			isa = PBXGroup;
			children = (
				126AAF52257B0D590018E990 /* Model */,
				126AAF46257AF21A0018E990 /* View */,
				126AAF43257AF2000018E990 /* App */,
				126AAF36257AEF450018E990 /* Assets.xcassets */,
				126AAF3B257AEF450018E990 /* Info.plist */,
				126AAF38257AEF450018E990 /* Preview Content */,
			);
			path = FruitList;
			sourceTree = "<group>";
		};
		126AAF38257AEF450018E990 /* Preview Content */ = {
			isa = PBXGroup;
			children = (
				126AAF39257AEF450018E990 /* Preview Assets.xcassets */,
			);
			path = "Preview Content";
			sourceTree = "<group>";
		};
		126AAF43257AF2000018E990 /* App */ = {
			isa = PBXGroup;
			children = (
				126AAF32257AEF420018E990 /* FruitListApp.swift */,
				126AAF34257AEF420018E990 /* ContentView.swift */,
				126AAF4E257AFDBF0018E990 /* OnboardingView.swift */,
			);
			path = App;
			sourceTree = "<group>";
		};
		126AAF46257AF21A0018E990 /* View */ = {
			isa = PBXGroup;
			children = (
				126AAF47257AF23E0018E990 /* FruitCardView.swift */,
				126AAF4B257AFB450018E990 /* StartButtonView.swift */,
			);
			path = View;
			sourceTree = "<group>";
		};
		126AAF52257B0D590018E990 /* Model */ = {
			isa = PBXGroup;
			children = (
				126AAF53257B0D730018E990 /* FruitModel.swift */,
			);
			path = Model;
			sourceTree = "<group>";
		};
/* End PBXGroup section */

/* Begin PBXNativeTarget section */
		126AAF2E257AEF420018E990 /* FruitList */ = {
			isa = PBXNativeTarget;
			buildConfigurationList = 126AAF3E257AEF450018E990 /* Build configuration list for PBXNativeTarget "FruitList" */;
			buildPhases = (
				126AAF2B257AEF420018E990 /* Sources */,
				126AAF2C257AEF420018E990 /* Frameworks */,
				126AAF2D257AEF420018E990 /* Resources */,
			);
			buildRules = (
			);
			dependencies = (
			);
			name = FruitList;
			productName = FruitList;
			productReference = 126AAF2F257AEF420018E990 /* FruitList.app */;
			productType = "com.apple.product-type.application";
		};
/* End PBXNativeTarget section */

/* Begin PBXProject section */
		126AAF27257AEF420018E990 /* Project object */ = {
			isa = PBXProject;
			attributes = {
				LastSwiftUpdateCheck = 1210;
				LastUpgradeCheck = 1210;
				TargetAttributes = {
					126AAF2E257AEF420018E990 = {
						CreatedOnToolsVersion = 12.1;
					};
				};
			};
			buildConfigurationList = 126AAF2A257AEF420018E990 /* Build configuration list for PBXProject "FruitList" */;
			compatibilityVersion = "Xcode 9.3";
			developmentRegion = en;
			hasScannedForEncodings = 0;
			knownRegions = (
				en,
				Base,
			);
			mainGroup = 126AAF26257AEF420018E990;
			productRefGroup = 126AAF30257AEF420018E990 /* Products */;
			projectDirPath = "";
			projectRoot = "";
			targets = (
				126AAF2E257AEF420018E990 /* FruitList */,
			);
		};
/* End PBXProject section */

/* Begin PBXResourcesBuildPhase section */
		126AAF2D257AEF420018E990 /* Resources */ = {
			isa = PBXResourcesBuildPhase;
			buildActionMask = 2147483647;
			files = (
				126AAF3A257AEF450018E990 /* Preview Assets.xcassets in Resources */,
				126AAF37257AEF450018E990 /* Assets.xcassets in Resources */,
			);
			runOnlyForDeploymentPostprocessing = 0;
		};
/* End PBXResourcesBuildPhase section */

/* Begin PBXSourcesBuildPhase section */
		126AAF2B257AEF420018E990 /* Sources */ = {
			isa = PBXSourcesBuildPhase;
			buildActionMask = 2147483647;
			files = (
				126AAF48257AF23E0018E990 /* FruitCardView.swift in Sources */,
				126AAF4C257AFB450018E990 /* StartButtonView.swift in Sources */,
				126AAF35257AEF420018E990 /* ContentView.swift in Sources */,
				126AAF4F257AFDBF0018E990 /* OnboardingView.swift in Sources */,
				126AAF54257B0D730018E990 /* FruitModel.swift in Sources */,
				126AAF33257AEF420018E990 /* FruitListApp.swift in Sources */,
			);
			runOnlyForDeploymentPostprocessing = 0;
		};
/* End PBXSourcesBuildPhase section */

/* Begin XCBuildConfiguration section */
		126AAF3C257AEF450018E990 /* Debug */ = {
			isa = XCBuildConfiguration;
			buildSettings = {
				ALWAYS_SEARCH_USER_PATHS = NO;
				CLANG_ANALYZER_NONNULL = YES;
				CLANG_ANALYZER_NUMBER_OBJECT_CONVERSION = YES_AGGRESSIVE;
				CLANG_CXX_LANGUAGE_STANDARD = "gnu++14";
				CLANG_CXX_LIBRARY = "libc++";
				CLANG_ENABLE_MODULES = YES;
				CLANG_ENABLE_OBJC_ARC = YES;
				CLANG_ENABLE_OBJC_WEAK = YES;
				CLANG_WARN_BLOCK_CAPTURE_AUTORELEASING = YES;
				CLANG_WARN_BOOL_CONVERSION = YES;
				CLANG_WARN_COMMA = YES;
				CLANG_WARN_CONSTANT_CONVERSION = YES;
				CLANG_WARN_DEPRECATED_OBJC_IMPLEMENTATIONS = YES;
				CLANG_WARN_DIRECT_OBJC_ISA_USAGE = YES_ERROR;
				CLANG_WARN_DOCUMENTATION_COMMENTS = YES;
				CLANG_WARN_EMPTY_BODY = YES;
				CLANG_WARN_ENUM_CONVERSION = YES;
				CLANG_WARN_INFINITE_RECURSION = YES;
				CLANG_WARN_INT_CONVERSION = YES;
				CLANG_WARN_NON_LITERAL_NULL_CONVERSION = YES;
				CLANG_WARN_OBJC_IMPLICIT_RETAIN_SELF = YES;
				CLANG_WARN_OBJC_LITERAL_CONVERSION = YES;
				CLANG_WARN_OBJC_ROOT_CLASS = YES_ERROR;
				CLANG_WARN_QUOTED_INCLUDE_IN_FRAMEWORK_HEADER = YES;
				CLANG_WARN_RANGE_LOOP_ANALYSIS = YES;
				CLANG_WARN_STRICT_PROTOTYPES = YES;
				CLANG_WARN_SUSPICIOUS_MOVE = YES;
				CLANG_WARN_UNGUARDED_AVAILABILITY = YES_AGGRESSIVE;
				CLANG_WARN_UNREACHABLE_CODE = YES;
				CLANG_WARN__DUPLICATE_METHOD_MATCH = YES;
				COPY_PHASE_STRIP = NO;
				DEBUG_INFORMATION_FORMAT = dwarf;
				ENABLE_STRICT_OBJC_MSGSEND = YES;
				ENABLE_TESTABILITY = YES;
				GCC_C_LANGUAGE_STANDARD = gnu11;
				GCC_DYNAMIC_NO_PIC = NO;
				GCC_NO_COMMON_BLOCKS = YES;
				GCC_OPTIMIZATION_LEVEL = 0;
				GCC_PREPROCESSOR_DEFINITIONS = (
					"DEBUG=1",
					"$(inherited)",
				);
				GCC_WARN_64_TO_32_BIT_CONVERSION = YES;
				GCC_WARN_ABOUT_RETURN_TYPE = YES_ERROR;
				GCC_WARN_UNDECLARED_SELECTOR = YES;
				GCC_WARN_UNINITIALIZED_AUTOS = YES_AGGRESSIVE;
				GCC_WARN_UNUSED_FUNCTION = YES;
				GCC_WARN_UNUSED_VARIABLE = YES;
				IPHONEOS_DEPLOYMENT_TARGET = 14.1;
				MTL_ENABLE_DEBUG_INFO = INCLUDE_SOURCE;
				MTL_FAST_MATH = YES;
				ONLY_ACTIVE_ARCH = YES;
				SDKROOT = iphoneos;
				SWIFT_ACTIVE_COMPILATION_CONDITIONS = DEBUG;
				SWIFT_OPTIMIZATION_LEVEL = "-Onone";
			};
			name = Debug;
		};
		126AAF3D257AEF450018E990 /* Release */ = {
			isa = XCBuildConfiguration;
			buildSettings = {
				ALWAYS_SEARCH_USER_PATHS = NO;
				CLANG_ANALYZER_NONNULL = YES;
				CLANG_ANALYZER_NUMBER_OBJECT_CONVERSION = YES_AGGRESSIVE;
				CLANG_CXX_LANGUAGE_STANDARD = "gnu++14";
				CLANG_CXX_LIBRARY = "libc++";
				CLANG_ENABLE_MODULES = YES;
				CLANG_ENABLE_OBJC_ARC = YES;
				CLANG_ENABLE_OBJC_WEAK = YES;
				CLANG_WARN_BLOCK_CAPTURE_AUTORELEASING = YES;
				CLANG_WARN_BOOL_CONVERSION = YES;
				CLANG_WARN_COMMA = YES;
				CLANG_WARN_CONSTANT_CONVERSION = YES;
				CLANG_WARN_DEPRECATED_OBJC_IMPLEMENTATIONS = YES;
				CLANG_WARN_DIRECT_OBJC_ISA_USAGE = YES_ERROR;
				CLANG_WARN_DOCUMENTATION_COMMENTS = YES;
				CLANG_WARN_EMPTY_BODY = YES;
				CLANG_WARN_ENUM_CONVERSION = YES;
				CLANG_WARN_INFINITE_RECURSION = YES;
				CLANG_WARN_INT_CONVERSION = YES;
				CLANG_WARN_NON_LITERAL_NULL_CONVERSION = YES;
				CLANG_WARN_OBJC_IMPLICIT_RETAIN_SELF = YES;
				CLANG_WARN_OBJC_LITERAL_CONVERSION = YES;
				CLANG_WARN_OBJC_ROOT_CLASS = YES_ERROR;
				CLANG_WARN_QUOTED_INCLUDE_IN_FRAMEWORK_HEADER = YES;
				CLANG_WARN_RANGE_LOOP_ANALYSIS = YES;
				CLANG_WARN_STRICT_PROTOTYPES = YES;
				CLANG_WARN_SUSPICIOUS_MOVE = YES;
				CLANG_WARN_UNGUARDED_AVAILABILITY = YES_AGGRESSIVE;
				CLANG_WARN_UNREACHABLE_CODE = YES;
				CLANG_WARN__DUPLICATE_METHOD_MATCH = YES;
				COPY_PHASE_STRIP = NO;
				DEBUG_INFORMATION_FORMAT = "dwarf-with-dsym";
				ENABLE_NS_ASSERTIONS = NO;
				ENABLE_STRICT_OBJC_MSGSEND = YES;
				GCC_C_LANGUAGE_STANDARD = gnu11;
				GCC_NO_COMMON_BLOCKS = YES;
				GCC_WARN_64_TO_32_BIT_CONVERSION = YES;
				GCC_WARN_ABOUT_RETURN_TYPE = YES_ERROR;
				GCC_WARN_UNDECLARED_SELECTOR = YES;
				GCC_WARN_UNINITIALIZED_AUTOS = YES_AGGRESSIVE;
				GCC_WARN_UNUSED_FUNCTION = YES;
				GCC_WARN_UNUSED_VARIABLE = YES;
				IPHONEOS_DEPLOYMENT_TARGET = 14.1;
				MTL_ENABLE_DEBUG_INFO = NO;
				MTL_FAST_MATH = YES;
				SDKROOT = iphoneos;
				SWIFT_COMPILATION_MODE = wholemodule;
				SWIFT_OPTIMIZATION_LEVEL = "-O";
				VALIDATE_PRODUCT = YES;
			};
			name = Release;
		};
		126AAF3F257AEF450018E990 /* Debug */ = {
			isa = XCBuildConfiguration;
			buildSettings = {
				ASSETCATALOG_COMPILER_APPICON_NAME = AppIcon;
				ASSETCATALOG_COMPILER_GLOBAL_ACCENT_COLOR_NAME = AccentColor;
				CODE_SIGN_STYLE = Automatic;
				DEVELOPMENT_ASSET_PATHS = "\"FruitList/Preview Content\"";
				DEVELOPMENT_TEAM = U67UYP9TPA;
				ENABLE_PREVIEWS = YES;
				INFOPLIST_FILE = FruitList/Info.plist;
				IPHONEOS_DEPLOYMENT_TARGET = 14.0;
				LD_RUNPATH_SEARCH_PATHS = (
					"$(inherited)",
					"@executable_path/Frameworks",
				);
				PRODUCT_BUNDLE_IDENTIFIER = personal.FruitList;
				PRODUCT_NAME = "$(TARGET_NAME)";
				SWIFT_VERSION = 5.0;
				TARGETED_DEVICE_FAMILY = "1,2";
			};
			name = Debug;
		};
		126AAF40257AEF450018E990 /* Release */ = {
			isa = XCBuildConfiguration;
			buildSettings = {
				ASSETCATALOG_COMPILER_APPICON_NAME = AppIcon;
				ASSETCATALOG_COMPILER_GLOBAL_ACCENT_COLOR_NAME = AccentColor;
				CODE_SIGN_STYLE = Automatic;
				DEVELOPMENT_ASSET_PATHS = "\"FruitList/Preview Content\"";
				DEVELOPMENT_TEAM = U67UYP9TPA;
				ENABLE_PREVIEWS = YES;
				INFOPLIST_FILE = FruitList/Info.plist;
				IPHONEOS_DEPLOYMENT_TARGET = 14.0;
				LD_RUNPATH_SEARCH_PATHS = (
					"$(inherited)",
					"@executable_path/Frameworks",
				);
				PRODUCT_BUNDLE_IDENTIFIER = personal.FruitList;
				PRODUCT_NAME = "$(TARGET_NAME)";
				SWIFT_VERSION = 5.0;
				TARGETED_DEVICE_FAMILY = "1,2";
			};
			name = Release;
		};
/* End XCBuildConfiguration section */

/* Begin XCConfigurationList section */
		126AAF2A257AEF420018E990 /* Build configuration list for PBXProject "FruitList" */ = {
			isa = XCConfigurationList;
			buildConfigurations = (
				126AAF3C257AEF450018E990 /* Debug */,
				126AAF3D257AEF450018E990 /* Release */,
			);
			defaultConfigurationIsVisible = 0;
			defaultConfigurationName = Release;
		};
		126AAF3E257AEF450018E990 /* Build configuration list for PBXNativeTarget "FruitList" */ = {
			isa = XCConfigurationList;
			buildConfigurations = (
				126AAF3F257AEF450018E990 /* Debug */,
				126AAF40257AEF450018E990 /* Release */,
			);
			defaultConfigurationIsVisible = 0;
			defaultConfigurationName = Release;
		};
/* End XCConfigurationList section */
	};
	rootObject = 126AAF27257AEF420018E990 /* Project object */;
}
